
Microsoft Visual Studio Solution File, Format Version 12.00
# Visual Studio Version 17
VisualStudioVersion = 17.11.35219.272
MinimumVisualStudioVersion = 10.0.40219.1
Project("{FAE04EC0-301F-11D3-BF4B-00C04F79EFBC}") = "Providers_API", "Providers_API\Providers_API.csproj", "{DAE99871-1472-4070-8824-2F3B03418FA6}"
EndProject
Global
	GlobalSection(SolutionConfigurationPlatforms) = preSolution
		Debug|Any CPU = Debug|Any CPU
		Release|Any CPU = Release|Any CPU
	EndGlobalSection
	GlobalSection(ProjectConfigurationPlatforms) = postSolution
		{DAE99871-1472-4070-8824-2F3B03418FA6}.Debug|Any CPU.ActiveCfg = Debug|Any CPU
		{DAE99871-1472-4070-8824-2F3B03418FA6}.Debug|Any CPU.Build.0 = Debug|Any CPU
		{DAE99871-1472-4070-8824-2F3B03418FA6}.Release|Any CPU.ActiveCfg = Release|Any CPU
		{DAE99871-1472-4070-8824-2F3B03418FA6}.Release|Any CPU.Build.0 = Release|Any CPU
	EndGlobalSection
	GlobalSection(SolutionProperties) = preSolution
		HideSolutionNode = FALSE
	EndGlobalSection
	GlobalSection(ExtensibilityGlobals) = postSolution
		SolutionGuid = {D8F29D06-91BB-426E-9B8E-AC3DBA1BEBF4}
	EndGlobalSection
EndGlobal
